
Microsoft Visual Studio Solution File, Format Version 12.00
# Visual Studio Version 16
VisualStudioVersion = 16.0.32126.315
MinimumVisualStudioVersion = 10.0.40219.1
Project("{FAE04EC0-301F-11D3-BF4B-00C04F79EFBC}") = "CustomCollections", "CustomCollections\CustomCollections.csproj", "{BC5DBBC5-C210-4AF3-B9B4-203DD5FAF7E5}"
EndProject
Global
	GlobalSection(SolutionConfigurationPlatforms) = preSolution
		Debug|Any CPU = Debug|Any CPU
		Release|Any CPU = Release|Any CPU
	EndGlobalSection
	GlobalSection(ProjectConfigurationPlatforms) = postSolution
		{BC5DBBC5-C210-4AF3-B9B4-203DD5FAF7E5}.Debug|Any CPU.ActiveCfg = Debug|Any CPU
		{BC5DBBC5-C210-4AF3-B9B4-203DD5FAF7E5}.Debug|Any CPU.Build.0 = Debug|Any CPU
		{BC5DBBC5-C210-4AF3-B9B4-203DD5FAF7E5}.Release|Any CPU.ActiveCfg = Release|Any CPU
		{BC5DBBC5-C210-4AF3-B9B4-203DD5FAF7E5}.Release|Any CPU.Build.0 = Release|Any CPU
	EndGlobalSection
	GlobalSection(SolutionProperties) = preSolution
		HideSolutionNode = FALSE
	EndGlobalSection
	GlobalSection(ExtensibilityGlobals) = postSolution
		SolutionGuid = {5D98D6C6-251C-48C8-A67A-16E6E0C9650E}
	EndGlobalSection
EndGlobal
